
Microsoft Visual Studio Solution File, Format Version 12.00
# Visual Studio 15
VisualStudioVersion = 15.0.27703.2000
MinimumVisualStudioVersion = 10.0.40219.1
Project("{FAE04EC0-301F-11D3-BF4B-00C04F79EFBC}") = "JsonCaseRepro", "JsonCaseRepro\JsonCaseRepro.csproj", "{0E24328B-4979-4614-9C97-1A40B4FE3F07}"
EndProject
Global
	GlobalSection(SolutionConfigurationPlatforms) = preSolution
		Debug|Any CPU = Debug|Any CPU
		Release|Any CPU = Release|Any CPU
	EndGlobalSection
	GlobalSection(ProjectConfigurationPlatforms) = postSolution
		{0E24328B-4979-4614-9C97-1A40B4FE3F07}.Debug|Any CPU.ActiveCfg = Debug|Any CPU
		{0E24328B-4979-4614-9C97-1A40B4FE3F07}.Debug|Any CPU.Build.0 = Debug|Any CPU
		{0E24328B-4979-4614-9C97-1A40B4FE3F07}.Release|Any CPU.ActiveCfg = Release|Any CPU
		{0E24328B-4979-4614-9C97-1A40B4FE3F07}.Release|Any CPU.Build.0 = Release|Any CPU
	EndGlobalSection
	GlobalSection(SolutionProperties) = preSolution
		HideSolutionNode = FALSE
	EndGlobalSection
	GlobalSection(ExtensibilityGlobals) = postSolution
		SolutionGuid = {70BA213F-621F-4E9E-BFDC-FD267B44303A}
	EndGlobalSection
EndGlobal
